# This file is @generated by PDM.
# It is not intended for manual editing.

[[package]]
name = "prompt-toolkit"
version = "3.0.3"
requires_python = ">=3.6"
summary = "Library for building powerful interactive command lines in Python"
dependencies = [
    "wcwidth",
]

[[package]]
name = "tomlkit"
version = "0.11.6"
requires_python = ">=3.6"
summary = "Style preserving TOML library"

[[package]]
name = "wcwidth"
version = "0.2.6"
summary = "Measures the displayed width of unicode strings in a terminal"

[metadata]
lock_version = "4.2"
cross_platform = true
groups = ["dev"]
content_hash = "sha256:2171440ada08b8b8f6db6e66e20edd014440b8fa4b977ed983bcedb9f1ad623a"

[metadata.files]
"prompt-toolkit 3.0.3" = [
    {url = "https://files.pythonhosted.org/packages/8f/bc/58ba47a2a864d8e3d968d03b577c85fbdf52c8d324a030df71ac9c06c1b5/prompt_toolkit-3.0.3.tar.gz", hash = "sha256:a402e9bf468b63314e37460b68ba68243d55b2f8c4d0192f85a019af3945050e"},
    {url = "https://files.pythonhosted.org/packages/f5/22/f00412fafc68169054cc623a35c32773f22b403ddbe516c8adfdecf25341/prompt_toolkit-3.0.3-py3-none-any.whl", hash = "sha256:c93e53af97f630f12f5f62a3274e79527936ed466f038953dfa379d4941f651a"},
]
"tomlkit 0.11.6" = [
    {url = "https://files.pythonhosted.org/packages/2b/df/971fa5db3250bb022105d17f340339370f73d502e65e687a94ca1a4c4b1f/tomlkit-0.11.6-py3-none-any.whl", hash = "sha256:07de26b0d8cfc18f871aec595fda24d95b08fef89d147caa861939f37230bf4b"},
    {url = "https://files.pythonhosted.org/packages/ff/04/58b4c11430ed4b7b8f1723a5e4f20929d59361e9b17f0872d69681fd8ffd/tomlkit-0.11.6.tar.gz", hash = "sha256:71b952e5721688937fb02cf9d354dbcf0785066149d2855e44531ebdd2b65d73"},
]
"wcwidth 0.2.6" = [
    {url = "https://files.pythonhosted.org/packages/20/f4/c0584a25144ce20bfcf1aecd041768b8c762c1eb0aa77502a3f0baa83f11/wcwidth-0.2.6-py2.py3-none-any.whl", hash = "sha256:795b138f6875577cd91bba52baf9e445cd5118fd32723b460e30a0af30ea230e"},
    {url = "https://files.pythonhosted.org/packages/5e/5f/1e4bd82a9cc1f17b2c2361a2d876d4c38973a997003ba5eb400e8a932b6c/wcwidth-0.2.6.tar.gz", hash = "sha256:a5220780a404dbe3353789870978e472cfe477761f06ee55077256e509b156d0"},
]
